
Microsoft Visual Studio Solution File, Format Version 12.00
# Visual Studio Version 17
VisualStudioVersion = 17.8.34511.84
MinimumVisualStudioVersion = 10.0.40219.1
Project("{FAE04EC0-301F-11D3-BF4B-00C04F79EFBC}") = "Assignment3", "Assignment3\Assignment3.csproj", "{8F0A6EBD-6D24-4356-A2B7-E990A124C81A}"
EndProject
Global
	GlobalSection(SolutionConfigurationPlatforms) = preSolution
		Debug|Any CPU = Debug|Any CPU
		Release|Any CPU = Release|Any CPU
	EndGlobalSection
	GlobalSection(ProjectConfigurationPlatforms) = postSolution
		{8F0A6EBD-6D24-4356-A2B7-E990A124C81A}.Debug|Any CPU.ActiveCfg = Debug|Any CPU
		{8F0A6EBD-6D24-4356-A2B7-E990A124C81A}.Debug|Any CPU.Build.0 = Debug|Any CPU
		{8F0A6EBD-6D24-4356-A2B7-E990A124C81A}.Release|Any CPU.ActiveCfg = Release|Any CPU
		{8F0A6EBD-6D24-4356-A2B7-E990A124C81A}.Release|Any CPU.Build.0 = Release|Any CPU
	EndGlobalSection
	GlobalSection(SolutionProperties) = preSolution
		HideSolutionNode = FALSE
	EndGlobalSection
	GlobalSection(ExtensibilityGlobals) = postSolution
		SolutionGuid = {5CA118D2-BA9D-45F5-9C44-AB4F5FD139F8}
	EndGlobalSection
EndGlobal
